
Microsoft Visual Studio Solution File, Format Version 12.00
# Visual Studio Version 16
VisualStudioVersion = 16.0.30804.86
MinimumVisualStudioVersion = 10.0.40219.1
Project("{FAE04EC0-301F-11D3-BF4B-00C04F79EFBC}") = "Bordereau", "Bordereau.csproj", "{ED92F3AE-7867-4A52-B937-8BA92C1E5CFF}"
EndProject
Global
	GlobalSection(SolutionConfigurationPlatforms) = preSolution
		Debug|Any CPU = Debug|Any CPU
		Release|Any CPU = Release|Any CPU
	EndGlobalSection
	GlobalSection(ProjectConfigurationPlatforms) = postSolution
		{ED92F3AE-7867-4A52-B937-8BA92C1E5CFF}.Debug|Any CPU.ActiveCfg = Debug|Any CPU
		{ED92F3AE-7867-4A52-B937-8BA92C1E5CFF}.Debug|Any CPU.Build.0 = Debug|Any CPU
		{ED92F3AE-7867-4A52-B937-8BA92C1E5CFF}.Release|Any CPU.ActiveCfg = Release|Any CPU
		{ED92F3AE-7867-4A52-B937-8BA92C1E5CFF}.Release|Any CPU.Build.0 = Release|Any CPU
	EndGlobalSection
	GlobalSection(SolutionProperties) = preSolution
		HideSolutionNode = FALSE
	EndGlobalSection
	GlobalSection(ExtensibilityGlobals) = postSolution
		SolutionGuid = {0B978BF1-F1CD-43FB-8A63-EA5E31492E50}
	EndGlobalSection
EndGlobal
